
Microsoft Visual Studio Solution File, Format Version 12.00
# Visual Studio Version 16
VisualStudioVersion = 16.0.30621.155
MinimumVisualStudioVersion = 10.0.40219.1
Project("{FAE04EC0-301F-11D3-BF4B-00C04F79EFBC}") = "PasswordManager", "PasswordManager.csproj", "{840DF3C0-B526-437D-BCCD-C973BD59D150}"
EndProject
Global
	GlobalSection(SolutionConfigurationPlatforms) = preSolution
		Debug|Any CPU = Debug|Any CPU
		Release|Any CPU = Release|Any CPU
	EndGlobalSection
	GlobalSection(ProjectConfigurationPlatforms) = postSolution
		{840DF3C0-B526-437D-BCCD-C973BD59D150}.Debug|Any CPU.ActiveCfg = Debug|Any CPU
		{840DF3C0-B526-437D-BCCD-C973BD59D150}.Debug|Any CPU.Build.0 = Debug|Any CPU
		{840DF3C0-B526-437D-BCCD-C973BD59D150}.Release|Any CPU.ActiveCfg = Release|Any CPU
		{840DF3C0-B526-437D-BCCD-C973BD59D150}.Release|Any CPU.Build.0 = Release|Any CPU
	EndGlobalSection
	GlobalSection(SolutionProperties) = preSolution
		HideSolutionNode = FALSE
	EndGlobalSection
	GlobalSection(ExtensibilityGlobals) = postSolution
		SolutionGuid = {8C7A5F57-B8CC-4566-9694-A8250E7E6C6D}
	EndGlobalSection
EndGlobal
